
Microsoft Visual Studio Solution File, Format Version 12.00
# Visual Studio 15
VisualStudioVersion = 15.0.27428.2043
MinimumVisualStudioVersion = 10.0.40219.1
Project("{FAE04EC0-301F-11D3-BF4B-00C04F79EFBC}") = "Tello Controller", "Tello Controller\Tello Controller.csproj", "{035E9E8B-27D7-4BEB-8863-7490DCDFA9CD}"
EndProject
Project("{FAE04EC0-301F-11D3-BF4B-00C04F79EFBC}") = "TelloLib", "..\..\..\..\source\repos\TelloLib\TelloLib\TelloLib.csproj", "{FC69241F-8C76-45DE-A2D4-B2A5CD984014}"
EndProject
Global
	GlobalSection(SolutionConfigurationPlatforms) = preSolution
		Debug|Any CPU = Debug|Any CPU
		Release|Any CPU = Release|Any CPU
	EndGlobalSection
	GlobalSection(ProjectConfigurationPlatforms) = postSolution
		{035E9E8B-27D7-4BEB-8863-7490DCDFA9CD}.Debug|Any CPU.ActiveCfg = Debug|Any CPU
		{035E9E8B-27D7-4BEB-8863-7490DCDFA9CD}.Debug|Any CPU.Build.0 = Debug|Any CPU
		{035E9E8B-27D7-4BEB-8863-7490DCDFA9CD}.Release|Any CPU.ActiveCfg = Release|Any CPU
		{035E9E8B-27D7-4BEB-8863-7490DCDFA9CD}.Release|Any CPU.Build.0 = Release|Any CPU
		{FC69241F-8C76-45DE-A2D4-B2A5CD984014}.Debug|Any CPU.ActiveCfg = Debug|Any CPU
		{FC69241F-8C76-45DE-A2D4-B2A5CD984014}.Debug|Any CPU.Build.0 = Debug|Any CPU
		{FC69241F-8C76-45DE-A2D4-B2A5CD984014}.Release|Any CPU.ActiveCfg = Release|Any CPU
		{FC69241F-8C76-45DE-A2D4-B2A5CD984014}.Release|Any CPU.Build.0 = Release|Any CPU
	EndGlobalSection
	GlobalSection(SolutionProperties) = preSolution
		HideSolutionNode = FALSE
	EndGlobalSection
	GlobalSection(ExtensibilityGlobals) = postSolution
		SolutionGuid = {41D45595-A559-4C3E-965C-87F1DAD0649E}
	EndGlobalSection
EndGlobal
